// !$*UTF8*$!
{
	archiveVersion = 1;
	classes = {
	};
	objectVersion = 77;
	objects = {

/* Begin PBXBuildFile section */
		CD125B672CB6EED40063A2C4 /* AppDelegate.swift in Sources */ = {isa = PBXBuildFile; fileRef = CD125B5F2CB6EED40063A2C4 /* AppDelegate.swift */; };
		CD125B682CB6EED40063A2C4 /* SceneDelegate.swift in Sources */ = {isa = PBXBuildFile; fileRef = CD125B642CB6EED40063A2C4 /* SceneDelegate.swift */; };
		CD125B6A2CB6EED40063A2C4 /* Assets.xcassets in Resources */ = {isa = PBXBuildFile; fileRef = CD125B602CB6EED40063A2C4 /* Assets.xcassets */; };
		CD125B6C2CB6EED40063A2C4 /* LaunchScreen.storyboard in Resources */ = {isa = PBXBuildFile; fileRef = CD125B632CB6EED40063A2C4 /* LaunchScreen.storyboard */; };
		CD19B36D2CB9AB09001FA058 /* IdosoScreen.swift in Sources */ = {isa = PBXBuildFile; fileRef = CD19B36C2CB9AB09001FA058 /* IdosoScreen.swift */; };
		CD19B36F2CB9AB2D001FA058 /* IdosoViewController.swift in Sources */ = {isa = PBXBuildFile; fileRef = CD19B36E2CB9AB2D001FA058 /* IdosoViewController.swift */; };
		CD19B3712CB9B088001FA058 /* HomemViewController.swift in Sources */ = {isa = PBXBuildFile; fileRef = CD19B3702CB9B088001FA058 /* HomemViewController.swift */; };
		CD19B3732CB9B09A001FA058 /* HomemScreen.swift in Sources */ = {isa = PBXBuildFile; fileRef = CD19B3722CB9B09A001FA058 /* HomemScreen.swift */; };
		CDA2E7512CBEE0F200935BBD /* HomeStardScreen.swift in Sources */ = {isa = PBXBuildFile; fileRef = CDA2E7502CBEE0F200935BBD /* HomeStardScreen.swift */; };
		CDA2E7532CBEE12600935BBD /* HomeStardViewController.swift in Sources */ = {isa = PBXBuildFile; fileRef = CDA2E7522CBEE12600935BBD /* HomeStardViewController.swift */; };
		CDEA28BA2CB993CE008DA591 /* HomeScreen.swift in Sources */ = {isa = PBXBuildFile; fileRef = CDEA28B92CB993CE008DA591 /* HomeScreen.swift */; };
		CDEA28BC2CB993ED008DA591 /* HomeViewController.swift in Sources */ = {isa = PBXBuildFile; fileRef = CDEA28BB2CB993ED008DA591 /* HomeViewController.swift */; };
		CDEA28BE2CB99F6F008DA591 /* MulherViewController.swift in Sources */ = {isa = PBXBuildFile; fileRef = CDEA28BD2CB99F6F008DA591 /* MulherViewController.swift */; };
		CDEA28C12CB9A712008DA591 /* MulherScreen.swift in Sources */ = {isa = PBXBuildFile; fileRef = CDEA28C02CB9A712008DA591 /* MulherScreen.swift */; };
/* End PBXBuildFile section */

/* Begin PBXFileReference section */
		CD125B382CB6ED800063A2C4 /* estudoIMC.app */ = {isa = PBXFileReference; explicitFileType = wrapper.application; includeInIndex = 0; path = estudoIMC.app; sourceTree = BUILT_PRODUCTS_DIR; };
		CD125B5F2CB6EED40063A2C4 /* AppDelegate.swift */ = {isa = PBXFileReference; lastKnownFileType = sourcecode.swift; path = AppDelegate.swift; sourceTree = "<group>"; };
		CD125B602CB6EED40063A2C4 /* Assets.xcassets */ = {isa = PBXFileReference; lastKnownFileType = folder.assetcatalog; path = Assets.xcassets; sourceTree = "<group>"; };
		CD125B612CB6EED40063A2C4 /* Info.plist */ = {isa = PBXFileReference; lastKnownFileType = text.plist.xml; path = Info.plist; sourceTree = "<group>"; };
		CD125B622CB6EED40063A2C4 /* Base */ = {isa = PBXFileReference; lastKnownFileType = file.storyboard; name = Base; path = Base.lproj/LaunchScreen.storyboard; sourceTree = "<group>"; };
		CD125B642CB6EED40063A2C4 /* SceneDelegate.swift */ = {isa = PBXFileReference; lastKnownFileType = sourcecode.swift; path = SceneDelegate.swift; sourceTree = "<group>"; };
		CD19B36C2CB9AB09001FA058 /* IdosoScreen.swift */ = {isa = PBXFileReference; lastKnownFileType = sourcecode.swift; path = IdosoScreen.swift; sourceTree = "<group>"; };
		CD19B36E2CB9AB2D001FA058 /* IdosoViewController.swift */ = {isa = PBXFileReference; lastKnownFileType = sourcecode.swift; path = IdosoViewController.swift; sourceTree = "<group>"; };
		CD19B3702CB9B088001FA058 /* HomemViewController.swift */ = {isa = PBXFileReference; lastKnownFileType = sourcecode.swift; path = HomemViewController.swift; sourceTree = "<group>"; };
		CD19B3722CB9B09A001FA058 /* HomemScreen.swift */ = {isa = PBXFileReference; lastKnownFileType = sourcecode.swift; path = HomemScreen.swift; sourceTree = "<group>"; };
		CDA2E7502CBEE0F200935BBD /* HomeStardScreen.swift */ = {isa = PBXFileReference; lastKnownFileType = sourcecode.swift; path = HomeStardScreen.swift; sourceTree = "<group>"; };
		CDA2E7522CBEE12600935BBD /* HomeStardViewController.swift */ = {isa = PBXFileReference; lastKnownFileType = sourcecode.swift; path = HomeStardViewController.swift; sourceTree = "<group>"; };
		CDEA28B92CB993CE008DA591 /* HomeScreen.swift */ = {isa = PBXFileReference; lastKnownFileType = sourcecode.swift; path = HomeScreen.swift; sourceTree = "<group>"; };
		CDEA28BB2CB993ED008DA591 /* HomeViewController.swift */ = {isa = PBXFileReference; lastKnownFileType = sourcecode.swift; path = HomeViewController.swift; sourceTree = "<group>"; };
		CDEA28BD2CB99F6F008DA591 /* MulherViewController.swift */ = {isa = PBXFileReference; lastKnownFileType = sourcecode.swift; path = MulherViewController.swift; sourceTree = "<group>"; };
		CDEA28C02CB9A712008DA591 /* MulherScreen.swift */ = {isa = PBXFileReference; lastKnownFileType = sourcecode.swift; path = MulherScreen.swift; sourceTree = "<group>"; };
/* End PBXFileReference section */

/* Begin PBXFrameworksBuildPhase section */
		CD125B352CB6ED800063A2C4 /* Frameworks */ = {
			isa = PBXFrameworksBuildPhase;
			buildActionMask = 2147483647;
			files = (
			);
			runOnlyForDeploymentPostprocessing = 0;
		};
/* End PBXFrameworksBuildPhase section */

/* Begin PBXGroup section */
		CD125B2F2CB6ED800063A2C4 = {
			isa = PBXGroup;
			children = (
				CDA2E74F2CBEE0D900935BBD /* HomeStart */,
				CD125B5E2CB6EECC0063A2C4 /* Homem */,
				CDEA28C22CB9A7FA008DA591 /* Criança */,
				CDEA28BF2CB9A6F6008DA591 /* Mulher */,
				CDEA28B82CB992C7008DA591 /* Home  */,
				CD125B712CB6EFB30063A2C4 /* Resource */,
				CD125B662CB6EED40063A2C4 /* estudoIMC */,
				CD125B392CB6ED800063A2C4 /* Products */,
			);
			sourceTree = "<group>";
		};
		CD125B392CB6ED800063A2C4 /* Products */ = {
			isa = PBXGroup;
			children = (
				CD125B382CB6ED800063A2C4 /* estudoIMC.app */,
			);
			name = Products;
			sourceTree = "<group>";
		};
		CD125B5E2CB6EECC0063A2C4 /* Homem */ = {
			isa = PBXGroup;
			children = (
				CD19B3702CB9B088001FA058 /* HomemViewController.swift */,
				CD19B3722CB9B09A001FA058 /* HomemScreen.swift */,
			);
			path = Homem;
			sourceTree = "<group>";
		};
		CD125B662CB6EED40063A2C4 /* estudoIMC */ = {
			isa = PBXGroup;
			children = (
				CD125B612CB6EED40063A2C4 /* Info.plist */,
			);
			path = estudoIMC;
			sourceTree = "<group>";
		};
		CD125B712CB6EFB30063A2C4 /* Resource */ = {
			isa = PBXGroup;
			children = (
				CD125B5F2CB6EED40063A2C4 /* AppDelegate.swift */,
				CD125B602CB6EED40063A2C4 /* Assets.xcassets */,
				CD125B632CB6EED40063A2C4 /* LaunchScreen.storyboard */,
				CD125B642CB6EED40063A2C4 /* SceneDelegate.swift */,
			);
			path = Resource;
			sourceTree = "<group>";
		};
		CDA2E74F2CBEE0D900935BBD /* HomeStart */ = {
			isa = PBXGroup;
			children = (
				CDA2E7502CBEE0F200935BBD /* HomeStardScreen.swift */,
				CDA2E7522CBEE12600935BBD /* HomeStardViewController.swift */,
			);
			path = HomeStart;
			sourceTree = "<group>";
		};
		CDEA28B82CB992C7008DA591 /* Home  */ = {
			isa = PBXGroup;
			children = (
				CDEA28B92CB993CE008DA591 /* HomeScreen.swift */,
				CDEA28BB2CB993ED008DA591 /* HomeViewController.swift */,
			);
			path = "Home ";
			sourceTree = "<group>";
		};
		CDEA28BF2CB9A6F6008DA591 /* Mulher */ = {
			isa = PBXGroup;
			children = (
				CDEA28BD2CB99F6F008DA591 /* MulherViewController.swift */,
				CDEA28C02CB9A712008DA591 /* MulherScreen.swift */,
			);
			path = Mulher;
			sourceTree = "<group>";
		};
		CDEA28C22CB9A7FA008DA591 /* Criança */ = {
			isa = PBXGroup;
			children = (
				CD19B36C2CB9AB09001FA058 /* IdosoScreen.swift */,
				CD19B36E2CB9AB2D001FA058 /* IdosoViewController.swift */,
			);
			name = "Criança";
			path = "Criança";
			sourceTree = "<group>";
		};
/* End PBXGroup section */

/* Begin PBXNativeTarget section */
		CD125B372CB6ED800063A2C4 /* estudoIMC */ = {
			isa = PBXNativeTarget;
			buildConfigurationList = CD125B4B2CB6ED820063A2C4 /* Build configuration list for PBXNativeTarget "estudoIMC" */;
			buildPhases = (
				CD125B342CB6ED800063A2C4 /* Sources */,
				CD125B352CB6ED800063A2C4 /* Frameworks */,
				CD125B362CB6ED800063A2C4 /* Resources */,
			);
			buildRules = (
			);
			dependencies = (
			);
			name = estudoIMC;
			packageProductDependencies = (
			);
			productName = estudoIMC;
			productReference = CD125B382CB6ED800063A2C4 /* estudoIMC.app */;
			productType = "com.apple.product-type.application";
		};
/* End PBXNativeTarget section */

/* Begin PBXProject section */
		CD125B302CB6ED800063A2C4 /* Project object */ = {
			isa = PBXProject;
			attributes = {
				BuildIndependentTargetsInParallel = 1;
				LastSwiftUpdateCheck = 1600;
				LastUpgradeCheck = 1600;
				TargetAttributes = {
					CD125B372CB6ED800063A2C4 = {
						CreatedOnToolsVersion = 16.0;
					};
				};
			};
			buildConfigurationList = CD125B332CB6ED800063A2C4 /* Build configuration list for PBXProject "estudoIMC" */;
			developmentRegion = en;
			hasScannedForEncodings = 0;
			knownRegions = (
				en,
				Base,
			);
			mainGroup = CD125B2F2CB6ED800063A2C4;
			minimizedProjectReferenceProxies = 1;
			preferredProjectObjectVersion = 77;
			productRefGroup = CD125B392CB6ED800063A2C4 /* Products */;
			projectDirPath = "";
			projectRoot = "";
			targets = (
				CD125B372CB6ED800063A2C4 /* estudoIMC */,
			);
		};
/* End PBXProject section */

/* Begin PBXResourcesBuildPhase section */
		CD125B362CB6ED800063A2C4 /* Resources */ = {
			isa = PBXResourcesBuildPhase;
			buildActionMask = 2147483647;
			files = (
				CD125B6A2CB6EED40063A2C4 /* Assets.xcassets in Resources */,
				CD125B6C2CB6EED40063A2C4 /* LaunchScreen.storyboard in Resources */,
			);
			runOnlyForDeploymentPostprocessing = 0;
		};
/* End PBXResourcesBuildPhase section */

/* Begin PBXSourcesBuildPhase section */
		CD125B342CB6ED800063A2C4 /* Sources */ = {
			isa = PBXSourcesBuildPhase;
			buildActionMask = 2147483647;
			files = (
				CDEA28BE2CB99F6F008DA591 /* MulherViewController.swift in Sources */,
				CD19B36D2CB9AB09001FA058 /* IdosoScreen.swift in Sources */,
				CDA2E7532CBEE12600935BBD /* HomeStardViewController.swift in Sources */,
				CDEA28C12CB9A712008DA591 /* MulherScreen.swift in Sources */,
				CDEA28BA2CB993CE008DA591 /* HomeScreen.swift in Sources */,
				CD19B36F2CB9AB2D001FA058 /* IdosoViewController.swift in Sources */,
				CD125B672CB6EED40063A2C4 /* AppDelegate.swift in Sources */,
				CDEA28BC2CB993ED008DA591 /* HomeViewController.swift in Sources */,
				CD125B682CB6EED40063A2C4 /* SceneDelegate.swift in Sources */,
				CD19B3732CB9B09A001FA058 /* HomemScreen.swift in Sources */,
				CD19B3712CB9B088001FA058 /* HomemViewController.swift in Sources */,
				CDA2E7512CBEE0F200935BBD /* HomeStardScreen.swift in Sources */,
			);
			runOnlyForDeploymentPostprocessing = 0;
		};
/* End PBXSourcesBuildPhase section */

/* Begin PBXVariantGroup section */
		CD125B632CB6EED40063A2C4 /* LaunchScreen.storyboard */ = {
			isa = PBXVariantGroup;
			children = (
				CD125B622CB6EED40063A2C4 /* Base */,
			);
			name = LaunchScreen.storyboard;
			sourceTree = "<group>";
		};
/* End PBXVariantGroup section */

/* Begin XCBuildConfiguration section */
		CD125B4C2CB6ED820063A2C4 /* Debug */ = {
			isa = XCBuildConfiguration;
			buildSettings = {
				ASSETCATALOG_COMPILER_APPICON_NAME = AppIcon;
				ASSETCATALOG_COMPILER_GLOBAL_ACCENT_COLOR_NAME = AccentColor;
				CODE_SIGN_STYLE = Automatic;
				CURRENT_PROJECT_VERSION = 1;
				DEVELOPMENT_TEAM = DA22RP72F3;
				GENERATE_INFOPLIST_FILE = YES;
				INFOPLIST_FILE = estudoIMC/Info.plist;
				INFOPLIST_KEY_UIApplicationSupportsIndirectInputEvents = YES;
				INFOPLIST_KEY_UILaunchStoryboardName = LaunchScreen;
				INFOPLIST_KEY_UIMainStoryboardFile = "";
				INFOPLIST_KEY_UISupportedInterfaceOrientations_iPad = "UIInterfaceOrientationPortrait UIInterfaceOrientationPortraitUpsideDown UIInterfaceOrientationLandscapeLeft UIInterfaceOrientationLandscapeRight";
				INFOPLIST_KEY_UISupportedInterfaceOrientations_iPhone = "UIInterfaceOrientationPortrait UIInterfaceOrientationLandscapeLeft UIInterfaceOrientationLandscapeRight";
				LD_RUNPATH_SEARCH_PATHS = (
					"$(inherited)",
					"@executable_path/Frameworks",
				);
				MARKETING_VERSION = 1.0;
				PRODUCT_BUNDLE_IDENTIFIER = "-.estudoIMC";
				PRODUCT_NAME = "$(TARGET_NAME)";
				SWIFT_EMIT_LOC_STRINGS = YES;
				SWIFT_VERSION = 5.0;
				TARGETED_DEVICE_FAMILY = "1,2";
			};
			name = Debug;
		};
		CD125B4D2CB6ED820063A2C4 /* Release */ = {
			isa = XCBuildConfiguration;
			buildSettings = {
				ASSETCATALOG_COMPILER_APPICON_NAME = AppIcon;
				ASSETCATALOG_COMPILER_GLOBAL_ACCENT_COLOR_NAME = AccentColor;
				CODE_SIGN_STYLE = Automatic;
				CURRENT_PROJECT_VERSION = 1;
				DEVELOPMENT_TEAM = DA22RP72F3;
				GENERATE_INFOPLIST_FILE = YES;
				INFOPLIST_FILE = estudoIMC/Info.plist;
				INFOPLIST_KEY_UIApplicationSupportsIndirectInputEvents = YES;
				INFOPLIST_KEY_UILaunchStoryboardName = LaunchScreen;
				INFOPLIST_KEY_UIMainStoryboardFile = "";
				INFOPLIST_KEY_UISupportedInterfaceOrientations_iPad = "UIInterfaceOrientationPortrait UIInterfaceOrientationPortraitUpsideDown UIInterfaceOrientationLandscapeLeft UIInterfaceOrientationLandscapeRight";
				INFOPLIST_KEY_UISupportedInterfaceOrientations_iPhone = "UIInterfaceOrientationPortrait UIInterfaceOrientationLandscapeLeft UIInterfaceOrientationLandscapeRight";
				LD_RUNPATH_SEARCH_PATHS = (
					"$(inherited)",
					"@executable_path/Frameworks",
				);
				MARKETING_VERSION = 1.0;
				PRODUCT_BUNDLE_IDENTIFIER = "-.estudoIMC";
				PRODUCT_NAME = "$(TARGET_NAME)";
				SWIFT_EMIT_LOC_STRINGS = YES;
				SWIFT_VERSION = 5.0;
				TARGETED_DEVICE_FAMILY = "1,2";
			};
			name = Release;
		};
		CD125B4E2CB6ED820063A2C4 /* Debug */ = {
			isa = XCBuildConfiguration;
			buildSettings = {
				ALWAYS_SEARCH_USER_PATHS = NO;
				ASSETCATALOG_COMPILER_GENERATE_SWIFT_ASSET_SYMBOL_EXTENSIONS = YES;
				CLANG_ANALYZER_NONNULL = YES;
				CLANG_ANALYZER_NUMBER_OBJECT_CONVERSION = YES_AGGRESSIVE;
				CLANG_CXX_LANGUAGE_STANDARD = "gnu++20";
				CLANG_ENABLE_MODULES = YES;
				CLANG_ENABLE_OBJC_ARC = YES;
				CLANG_ENABLE_OBJC_WEAK = YES;
				CLANG_WARN_BLOCK_CAPTURE_AUTORELEASING = YES;
				CLANG_WARN_BOOL_CONVERSION = YES;
				CLANG_WARN_COMMA = YES;
				CLANG_WARN_CONSTANT_CONVERSION = YES;
				CLANG_WARN_DEPRECATED_OBJC_IMPLEMENTATIONS = YES;
				CLANG_WARN_DIRECT_OBJC_ISA_USAGE = YES_ERROR;
				CLANG_WARN_DOCUMENTATION_COMMENTS = YES;
				CLANG_WARN_EMPTY_BODY = YES;
				CLANG_WARN_ENUM_CONVERSION = YES;
				CLANG_WARN_INFINITE_RECURSION = YES;
				CLANG_WARN_INT_CONVERSION = YES;
				CLANG_WARN_NON_LITERAL_NULL_CONVERSION = YES;
				CLANG_WARN_OBJC_IMPLICIT_RETAIN_SELF = YES;
				CLANG_WARN_OBJC_LITERAL_CONVERSION = YES;
				CLANG_WARN_OBJC_ROOT_CLASS = YES_ERROR;
				CLANG_WARN_QUOTED_INCLUDE_IN_FRAMEWORK_HEADER = YES;
				CLANG_WARN_RANGE_LOOP_ANALYSIS = YES;
				CLANG_WARN_STRICT_PROTOTYPES = YES;
				CLANG_WARN_SUSPICIOUS_MOVE = YES;
				CLANG_WARN_UNGUARDED_AVAILABILITY = YES_AGGRESSIVE;
				CLANG_WARN_UNREACHABLE_CODE = YES;
				CLANG_WARN__DUPLICATE_METHOD_MATCH = YES;
				COPY_PHASE_STRIP = NO;
				DEBUG_INFORMATION_FORMAT = dwarf;
				ENABLE_STRICT_OBJC_MSGSEND = YES;
				ENABLE_TESTABILITY = YES;
				ENABLE_USER_SCRIPT_SANDBOXING = YES;
				GCC_C_LANGUAGE_STANDARD = gnu17;
				GCC_DYNAMIC_NO_PIC = NO;
				GCC_NO_COMMON_BLOCKS = YES;
				GCC_OPTIMIZATION_LEVEL = 0;
				GCC_PREPROCESSOR_DEFINITIONS = (
					"DEBUG=1",
					"$(inherited)",
				);
				GCC_WARN_64_TO_32_BIT_CONVERSION = YES;
				GCC_WARN_ABOUT_RETURN_TYPE = YES_ERROR;
				GCC_WARN_UNDECLARED_SELECTOR = YES;
				GCC_WARN_UNINITIALIZED_AUTOS = YES_AGGRESSIVE;
				GCC_WARN_UNUSED_FUNCTION = YES;
				GCC_WARN_UNUSED_VARIABLE = YES;
				IPHONEOS_DEPLOYMENT_TARGET = 18.0;
				LOCALIZATION_PREFERS_STRING_CATALOGS = YES;
				MTL_ENABLE_DEBUG_INFO = INCLUDE_SOURCE;
				MTL_FAST_MATH = YES;
				ONLY_ACTIVE_ARCH = YES;
				SDKROOT = iphoneos;
				SWIFT_ACTIVE_COMPILATION_CONDITIONS = "DEBUG $(inherited)";
				SWIFT_OPTIMIZATION_LEVEL = "-Onone";
			};
			name = Debug;
		};
		CD125B4F2CB6ED820063A2C4 /* Release */ = {
			isa = XCBuildConfiguration;
			buildSettings = {
				ALWAYS_SEARCH_USER_PATHS = NO;
				ASSETCATALOG_COMPILER_GENERATE_SWIFT_ASSET_SYMBOL_EXTENSIONS = YES;
				CLANG_ANALYZER_NONNULL = YES;
				CLANG_ANALYZER_NUMBER_OBJECT_CONVERSION = YES_AGGRESSIVE;
				CLANG_CXX_LANGUAGE_STANDARD = "gnu++20";
				CLANG_ENABLE_MODULES = YES;
				CLANG_ENABLE_OBJC_ARC = YES;
				CLANG_ENABLE_OBJC_WEAK = YES;
				CLANG_WARN_BLOCK_CAPTURE_AUTORELEASING = YES;
				CLANG_WARN_BOOL_CONVERSION = YES;
				CLANG_WARN_COMMA = YES;
				CLANG_WARN_CONSTANT_CONVERSION = YES;
				CLANG_WARN_DEPRECATED_OBJC_IMPLEMENTATIONS = YES;
				CLANG_WARN_DIRECT_OBJC_ISA_USAGE = YES_ERROR;
				CLANG_WARN_DOCUMENTATION_COMMENTS = YES;
				CLANG_WARN_EMPTY_BODY = YES;
				CLANG_WARN_ENUM_CONVERSION = YES;
				CLANG_WARN_INFINITE_RECURSION = YES;
				CLANG_WARN_INT_CONVERSION = YES;
				CLANG_WARN_NON_LITERAL_NULL_CONVERSION = YES;
				CLANG_WARN_OBJC_IMPLICIT_RETAIN_SELF = YES;
				CLANG_WARN_OBJC_LITERAL_CONVERSION = YES;
				CLANG_WARN_OBJC_ROOT_CLASS = YES_ERROR;
				CLANG_WARN_QUOTED_INCLUDE_IN_FRAMEWORK_HEADER = YES;
				CLANG_WARN_RANGE_LOOP_ANALYSIS = YES;
				CLANG_WARN_STRICT_PROTOTYPES = YES;
				CLANG_WARN_SUSPICIOUS_MOVE = YES;
				CLANG_WARN_UNGUARDED_AVAILABILITY = YES_AGGRESSIVE;
				CLANG_WARN_UNREACHABLE_CODE = YES;
				CLANG_WARN__DUPLICATE_METHOD_MATCH = YES;
				COPY_PHASE_STRIP = NO;
				DEBUG_INFORMATION_FORMAT = "dwarf-with-dsym";
				ENABLE_NS_ASSERTIONS = NO;
				ENABLE_STRICT_OBJC_MSGSEND = YES;
				ENABLE_USER_SCRIPT_SANDBOXING = YES;
				GCC_C_LANGUAGE_STANDARD = gnu17;
				GCC_NO_COMMON_BLOCKS = YES;
				GCC_WARN_64_TO_32_BIT_CONVERSION = YES;
				GCC_WARN_ABOUT_RETURN_TYPE = YES_ERROR;
				GCC_WARN_UNDECLARED_SELECTOR = YES;
				GCC_WARN_UNINITIALIZED_AUTOS = YES_AGGRESSIVE;
				GCC_WARN_UNUSED_FUNCTION = YES;
				GCC_WARN_UNUSED_VARIABLE = YES;
				IPHONEOS_DEPLOYMENT_TARGET = 18.0;
				LOCALIZATION_PREFERS_STRING_CATALOGS = YES;
				MTL_ENABLE_DEBUG_INFO = NO;
				MTL_FAST_MATH = YES;
				SDKROOT = iphoneos;
				SWIFT_COMPILATION_MODE = wholemodule;
				VALIDATE_PRODUCT = YES;
			};
			name = Release;
		};
/* End XCBuildConfiguration section */

/* Begin XCConfigurationList section */
		CD125B332CB6ED800063A2C4 /* Build configuration list for PBXProject "estudoIMC" */ = {
			isa = XCConfigurationList;
			buildConfigurations = (
				CD125B4E2CB6ED820063A2C4 /* Debug */,
				CD125B4F2CB6ED820063A2C4 /* Release */,
			);
			defaultConfigurationIsVisible = 0;
			defaultConfigurationName = Release;
		};
		CD125B4B2CB6ED820063A2C4 /* Build configuration list for PBXNativeTarget "estudoIMC" */ = {
			isa = XCConfigurationList;
			buildConfigurations = (
				CD125B4C2CB6ED820063A2C4 /* Debug */,
				CD125B4D2CB6ED820063A2C4 /* Release */,
			);
			defaultConfigurationIsVisible = 0;
			defaultConfigurationName = Release;
		};
/* End XCConfigurationList section */
	};
	rootObject = CD125B302CB6ED800063A2C4 /* Project object */;
}
